{
    "name": "whereisqa",
    "version": "0.1.0",
    "lockfileVersion": 1,
    "requires": true,
    "dependencies": {
        "classnames": {
            "version": "2.2.6",
            "resolved": "https://registry.npmjs.org/classnames/-/classnames-2.2.6.tgz",
            "integrity": "sha512-JR/iSQOSt+LQIWwrwEzJ9uk0xfN3mTVYMwt1Ir5mUcSN6pU+V4zQFFaJsclJbPuAUQH+yfWef6tm7l1quW3C8Q=="
        },
        "clipboard": {
            "version": "2.0.4",
            "resolved": "https://registry.npmjs.org/clipboard/-/clipboard-2.0.4.tgz",
            "integrity": "sha512-Vw26VSLRpJfBofiVaFb/I8PVfdI1OxKcYShe6fm0sP/DtmiWQNCjhM/okTvdCo0G+lMMm1rMYbk4IK4x1X+kgQ==",
            "requires": {
                "good-listener": "^1.2.2",
                "select": "^1.1.2",
                "tiny-emitter": "^2.0.0"
            }
        },
        "core-js": {
            "version": "2.6.5",
            "resolved": "https://registry.npmjs.org/core-js/-/core-js-2.6.5.tgz",
            "integrity": "sha512-klh/kDpwX8hryYL14M9w/xei6vrv6sE8gTHDG7/T/+SEovB/G4ejwcfE/CBzO6Edsu+OETZMZ3wcX/EjUkrl5A=="
        },
        "delegate": {
            "version": "3.2.0",
            "resolved": "https://registry.npmjs.org/delegate/-/delegate-3.2.0.tgz",
            "integrity": "sha512-IofjkYBZaZivn0V8nnsMJGBr4jVLxHDheKSW88PyxS5QC4Vo9ZbZVvhzlSxY87fVq3STR6r+4cGepyHkcWOQSw=="
        },
        "feather-icons": {
            "version": "4.21.0",
            "resolved": "https://registry.npmjs.org/feather-icons/-/feather-icons-4.21.0.tgz",
            "integrity": "sha512-5RgyUH0J9NCRG5Z+aL8kJduMM4J6IAKlGqSrnkWW6rpY5jC9MyE0NkvgsKOmnedAZN2ORmdXTndPIHFWaMCf6w==",
            "requires": {
                "classnames": "^2.2.5",
                "core-js": "^2.5.3"
            }
        },
        "good-listener": {
            "version": "1.2.2",
            "resolved": "https://registry.npmjs.org/good-listener/-/good-listener-1.2.2.tgz",
            "integrity": "sha1-1TswzfkxPf+33JoNR3CWqm0UXFA=",
            "requires": {
                "delegate": "^3.1.2"
            }
        },
        "jquery": {
            "version": "3.3.1",
            "resolved": "https://registry.npmjs.org/jquery/-/jquery-3.3.1.tgz",
            "integrity": "sha512-Ubldcmxp5np52/ENotGxlLe6aGMvmF4R8S6tZjsP6Knsaxd/xp3Zrh50cG93lR6nPXyUFwzN3ZSOQI0wRJNdGg=="
        },
        "moment": {
            "version": "2.22.2",
            "resolved": "https://registry.npmjs.org/moment/-/moment-2.22.2.tgz",
            "integrity": "sha1-PCV/mDn8DpP/UxSWMiOeuQeD/2Y="
        },
        "select": {
            "version": "1.1.2",
            "resolved": "https://registry.npmjs.org/select/-/select-1.1.2.tgz",
            "integrity": "sha1-DnNQrN7ICxEIUoeG7B1EGNEbOW0="
        },
        "siimple": {
            "version": "3.3.0",
            "resolved": "https://registry.npmjs.org/siimple/-/siimple-3.3.0.tgz",
            "integrity": "sha512-8FcO+dxs7w/QcexgGIwBRIpN0/a7SJ9Ojox5wMZuMxbbXBbUBuVYSqbWGBD8z9k63qRb2c4H/cf0HE3nHOBoFw=="
        },
        "tiny-emitter": {
            "version": "2.1.0",
            "resolved": "https://registry.npmjs.org/tiny-emitter/-/tiny-emitter-2.1.0.tgz",
            "integrity": "sha512-NB6Dk1A9xgQPMoGqC5CVXn123gWyte215ONT5Pp5a0yt4nlEoO1ZWeCwpncaekPHXO60i47ihFnZPiRPjRMq4Q=="
        }
    }
}
